# Generated by pub on 2026-01-01.
packages:
  root:
    dependency: "direct main"
    description:
      name: my_flutter_app
      path: "."
    source: path
    version: "1.0.0+2"
  cupertino_icons:
    dependency: "direct main"
    description:
      name: cupertino_icons
    source: hosted
    version: "1.0.6"
sdks:
  dart: ">=3.0.0 <4.0.0"
